// !$*UTF8*$!
{
	archiveVersion = 1;
	classes = {
	};
	objectVersion = 46;
	objects = {

/* Begin PBXBuildFile section */
		B01394CE1F5CF07A00C4958C /* main.m in Sources */ = {isa = PBXBuildFile; fileRef = B01394CD1F5CF07A00C4958C /* main.m */; };
		B01394D11F5CF07A00C4958C /* AppDelegate.m in Sources */ = {isa = PBXBuildFile; fileRef = B01394D01F5CF07A00C4958C /* AppDelegate.m */; };
		B01394D41F5CF07A00C4958C /* ViewController.m in Sources */ = {isa = PBXBuildFile; fileRef = B01394D31F5CF07A00C4958C /* ViewController.m */; };
		B01394D71F5CF07A00C4958C /* Main.storyboard in Resources */ = {isa = PBXBuildFile; fileRef = B01394D51F5CF07A00C4958C /* Main.storyboard */; };
		B01394D91F5CF07A00C4958C /* Assets.xcassets in Resources */ = {isa = PBXBuildFile; fileRef = B01394D81F5CF07A00C4958C /* Assets.xcassets */; };
		B01394DC1F5CF07A00C4958C /* LaunchScreen.storyboard in Resources */ = {isa = PBXBuildFile; fileRef = B01394DA1F5CF07A00C4958C /* LaunchScreen.storyboard */; };
		B01394E51F5CF13200C4958C /* JSWebView.m in Sources */ = {isa = PBXBuildFile; fileRef = B01394E41F5CF13200C4958C /* JSWebView.m */; };
/* End PBXBuildFile section */

/* Begin PBXFileReference section */
		B01394C91F5CF07A00C4958C /* JSWebView.app */ = {isa = PBXFileReference; explicitFileType = wrapper.application; includeInIndex = 0; path = JSWebView.app; sourceTree = BUILT_PRODUCTS_DIR; };
		B01394CD1F5CF07A00C4958C /* main.m */ = {isa = PBXFileReference; lastKnownFileType = sourcecode.c.objc; path = main.m; sourceTree = "<group>"; };
		B01394CF1F5CF07A00C4958C /* AppDelegate.h */ = {isa = PBXFileReference; lastKnownFileType = sourcecode.c.h; path = AppDelegate.h; sourceTree = "<group>"; };
		B01394D01F5CF07A00C4958C /* AppDelegate.m */ = {isa = PBXFileReference; lastKnownFileType = sourcecode.c.objc; path = AppDelegate.m; sourceTree = "<group>"; };
		B01394D21F5CF07A00C4958C /* ViewController.h */ = {isa = PBXFileReference; lastKnownFileType = sourcecode.c.h; path = ViewController.h; sourceTree = "<group>"; };
		B01394D31F5CF07A00C4958C /* ViewController.m */ = {isa = PBXFileReference; lastKnownFileType = sourcecode.c.objc; path = ViewController.m; sourceTree = "<group>"; };
		B01394D61F5CF07A00C4958C /* Base */ = {isa = PBXFileReference; lastKnownFileType = file.storyboard; name = Base; path = Base.lproj/Main.storyboard; sourceTree = "<group>"; };
		B01394D81F5CF07A00C4958C /* Assets.xcassets */ = {isa = PBXFileReference; lastKnownFileType = folder.assetcatalog; path = Assets.xcassets; sourceTree = "<group>"; };
		B01394DB1F5CF07A00C4958C /* Base */ = {isa = PBXFileReference; lastKnownFileType = file.storyboard; name = Base; path = Base.lproj/LaunchScreen.storyboard; sourceTree = "<group>"; };
		B01394DD1F5CF07A00C4958C /* Info.plist */ = {isa = PBXFileReference; lastKnownFileType = text.plist.xml; path = Info.plist; sourceTree = "<group>"; };
		B01394E31F5CF13200C4958C /* JSWebView.h */ = {isa = PBXFileReference; fileEncoding = 4; lastKnownFileType = sourcecode.c.h; path = JSWebView.h; sourceTree = "<group>"; };
		B01394E41F5CF13200C4958C /* JSWebView.m */ = {isa = PBXFileReference; fileEncoding = 4; lastKnownFileType = sourcecode.c.objc; path = JSWebView.m; sourceTree = "<group>"; };
/* End PBXFileReference section */

/* Begin PBXFrameworksBuildPhase section */
		B01394C61F5CF07A00C4958C /* Frameworks */ = {
			isa = PBXFrameworksBuildPhase;
			buildActionMask = 2147483647;
			files = (
			);
			runOnlyForDeploymentPostprocessing = 0;
		};
/* End PBXFrameworksBuildPhase section */

/* Begin PBXGroup section */
		B01394C01F5CF07A00C4958C = {
			isa = PBXGroup;
			children = (
				B01394CB1F5CF07A00C4958C /* JSWebView */,
				B01394CA1F5CF07A00C4958C /* Products */,
			);
			sourceTree = "<group>";
		};
		B01394CA1F5CF07A00C4958C /* Products */ = {
			isa = PBXGroup;
			children = (
				B01394C91F5CF07A00C4958C /* JSWebView.app */,
			);
			name = Products;
			sourceTree = "<group>";
		};
		B01394CB1F5CF07A00C4958C /* JSWebView */ = {
			isa = PBXGroup;
			children = (
				B01394CF1F5CF07A00C4958C /* AppDelegate.h */,
				B01394D01F5CF07A00C4958C /* AppDelegate.m */,
				B01394D21F5CF07A00C4958C /* ViewController.h */,
				B01394D31F5CF07A00C4958C /* ViewController.m */,
				B01394E31F5CF13200C4958C /* JSWebView.h */,
				B01394E41F5CF13200C4958C /* JSWebView.m */,
				B01394D51F5CF07A00C4958C /* Main.storyboard */,
				B01394D81F5CF07A00C4958C /* Assets.xcassets */,
				B01394DA1F5CF07A00C4958C /* LaunchScreen.storyboard */,
				B01394DD1F5CF07A00C4958C /* Info.plist */,
				B01394CC1F5CF07A00C4958C /* Supporting Files */,
			);
			path = JSWebView;
			sourceTree = "<group>";
		};
		B01394CC1F5CF07A00C4958C /* Supporting Files */ = {
			isa = PBXGroup;
			children = (
				B01394CD1F5CF07A00C4958C /* main.m */,
			);
			name = "Supporting Files";
			sourceTree = "<group>";
		};
/* End PBXGroup section */

/* Begin PBXNativeTarget section */
		B01394C81F5CF07A00C4958C /* JSWebView */ = {
			isa = PBXNativeTarget;
			buildConfigurationList = B01394E01F5CF07A00C4958C /* Build configuration list for PBXNativeTarget "JSWebView" */;
			buildPhases = (
				B01394C51F5CF07A00C4958C /* Sources */,
				B01394C61F5CF07A00C4958C /* Frameworks */,
				B01394C71F5CF07A00C4958C /* Resources */,
			);
			buildRules = (
			);
			dependencies = (
			);
			name = JSWebView;
			productName = JSWebView;
			productReference = B01394C91F5CF07A00C4958C /* JSWebView.app */;
			productType = "com.apple.product-type.application";
		};
/* End PBXNativeTarget section */

/* Begin PBXProject section */
		B01394C11F5CF07A00C4958C /* Project object */ = {
			isa = PBXProject;
			attributes = {
				LastUpgradeCheck = 0830;
				ORGANIZATIONNAME = songguanchen;
				TargetAttributes = {
					B01394C81F5CF07A00C4958C = {
						CreatedOnToolsVersion = 8.3.3;
						ProvisioningStyle = Automatic;
					};
				};
			};
			buildConfigurationList = B01394C41F5CF07A00C4958C /* Build configuration list for PBXProject "JSWebView" */;
			compatibilityVersion = "Xcode 3.2";
			developmentRegion = English;
			hasScannedForEncodings = 0;
			knownRegions = (
				en,
				Base,
			);
			mainGroup = B01394C01F5CF07A00C4958C;
			productRefGroup = B01394CA1F5CF07A00C4958C /* Products */;
			projectDirPath = "";
			projectRoot = "";
			targets = (
				B01394C81F5CF07A00C4958C /* JSWebView */,
			);
		};
/* End PBXProject section */

/* Begin PBXResourcesBuildPhase section */
		B01394C71F5CF07A00C4958C /* Resources */ = {
			isa = PBXResourcesBuildPhase;
			buildActionMask = 2147483647;
			files = (
				B01394DC1F5CF07A00C4958C /* LaunchScreen.storyboard in Resources */,
				B01394D91F5CF07A00C4958C /* Assets.xcassets in Resources */,
				B01394D71F5CF07A00C4958C /* Main.storyboard in Resources */,
			);
			runOnlyForDeploymentPostprocessing = 0;
		};
/* End PBXResourcesBuildPhase section */

/* Begin PBXSourcesBuildPhase section */
		B01394C51F5CF07A00C4958C /* Sources */ = {
			isa = PBXSourcesBuildPhase;
			buildActionMask = 2147483647;
			files = (
				B01394E51F5CF13200C4958C /* JSWebView.m in Sources */,
				B01394D41F5CF07A00C4958C /* ViewController.m in Sources */,
				B01394D11F5CF07A00C4958C /* AppDelegate.m in Sources */,
				B01394CE1F5CF07A00C4958C /* main.m in Sources */,
			);
			runOnlyForDeploymentPostprocessing = 0;
		};
/* End PBXSourcesBuildPhase section */

/* Begin PBXVariantGroup section */
		B01394D51F5CF07A00C4958C /* Main.storyboard */ = {
			isa = PBXVariantGroup;
			children = (
				B01394D61F5CF07A00C4958C /* Base */,
			);
			name = Main.storyboard;
			sourceTree = "<group>";
		};
		B01394DA1F5CF07A00C4958C /* LaunchScreen.storyboard */ = {
			isa = PBXVariantGroup;
			children = (
				B01394DB1F5CF07A00C4958C /* Base */,
			);
			name = LaunchScreen.storyboard;
			sourceTree = "<group>";
		};
/* End PBXVariantGroup section */

/* Begin XCBuildConfiguration section */
		B01394DE1F5CF07A00C4958C /* Debug */ = {
			isa = XCBuildConfiguration;
			buildSettings = {
				ALWAYS_SEARCH_USER_PATHS = NO;
				CLANG_ANALYZER_NONNULL = YES;
				CLANG_ANALYZER_NUMBER_OBJECT_CONVERSION = YES_AGGRESSIVE;
				CLANG_CXX_LANGUAGE_STANDARD = "gnu++0x";
				CLANG_CXX_LIBRARY = "libc++";
				CLANG_ENABLE_MODULES = YES;
				CLANG_ENABLE_OBJC_ARC = YES;
				CLANG_WARN_BOOL_CONVERSION = YES;
				CLANG_WARN_CONSTANT_CONVERSION = YES;
				CLANG_WARN_DIRECT_OBJC_ISA_USAGE = YES_ERROR;
				CLANG_WARN_DOCUMENTATION_COMMENTS = YES;
				CLANG_WARN_EMPTY_BODY = YES;
				CLANG_WARN_ENUM_CONVERSION = YES;
				CLANG_WARN_INFINITE_RECURSION = YES;
				CLANG_WARN_INT_CONVERSION = YES;
				CLANG_WARN_OBJC_ROOT_CLASS = YES_ERROR;
				CLANG_WARN_SUSPICIOUS_MOVE = YES;
				CLANG_WARN_UNREACHABLE_CODE = YES;
				CLANG_WARN__DUPLICATE_METHOD_MATCH = YES;
				"CODE_SIGN_IDENTITY[sdk=iphoneos*]" = "iPhone Developer";
				COPY_PHASE_STRIP = NO;
				DEBUG_INFORMATION_FORMAT = dwarf;
				ENABLE_STRICT_OBJC_MSGSEND = YES;
				ENABLE_TESTABILITY = YES;
				GCC_C_LANGUAGE_STANDARD = gnu99;
				GCC_DYNAMIC_NO_PIC = NO;
				GCC_NO_COMMON_BLOCKS = YES;
				GCC_OPTIMIZATION_LEVEL = 0;
				GCC_PREPROCESSOR_DEFINITIONS = (
					"DEBUG=1",
					"$(inherited)",
				);
				GCC_WARN_64_TO_32_BIT_CONVERSION = YES;
				GCC_WARN_ABOUT_RETURN_TYPE = YES_ERROR;
				GCC_WARN_UNDECLARED_SELECTOR = YES;
				GCC_WARN_UNINITIALIZED_AUTOS = YES_AGGRESSIVE;
				GCC_WARN_UNUSED_FUNCTION = YES;
				GCC_WARN_UNUSED_VARIABLE = YES;
				IPHONEOS_DEPLOYMENT_TARGET = 10.3;
				MTL_ENABLE_DEBUG_INFO = YES;
				ONLY_ACTIVE_ARCH = YES;
				SDKROOT = iphoneos;
				TARGETED_DEVICE_FAMILY = "1,2";
			};
			name = Debug;
		};
		B01394DF1F5CF07A00C4958C /* Release */ = {
			isa = XCBuildConfiguration;
			buildSettings = {
				ALWAYS_SEARCH_USER_PATHS = NO;
				CLANG_ANALYZER_NONNULL = YES;
				CLANG_ANALYZER_NUMBER_OBJECT_CONVERSION = YES_AGGRESSIVE;
				CLANG_CXX_LANGUAGE_STANDARD = "gnu++0x";
				CLANG_CXX_LIBRARY = "libc++";
				CLANG_ENABLE_MODULES = YES;
				CLANG_ENABLE_OBJC_ARC = YES;
				CLANG_WARN_BOOL_CONVERSION = YES;
				CLANG_WARN_CONSTANT_CONVERSION = YES;
				CLANG_WARN_DIRECT_OBJC_ISA_USAGE = YES_ERROR;
				CLANG_WARN_DOCUMENTATION_COMMENTS = YES;
				CLANG_WARN_EMPTY_BODY = YES;
				CLANG_WARN_ENUM_CONVERSION = YES;
				CLANG_WARN_INFINITE_RECURSION = YES;
				CLANG_WARN_INT_CONVERSION = YES;
				CLANG_WARN_OBJC_ROOT_CLASS = YES_ERROR;
				CLANG_WARN_SUSPICIOUS_MOVE = YES;
				CLANG_WARN_UNREACHABLE_CODE = YES;
				CLANG_WARN__DUPLICATE_METHOD_MATCH = YES;
				"CODE_SIGN_IDENTITY[sdk=iphoneos*]" = "iPhone Developer";
				COPY_PHASE_STRIP = NO;
				DEBUG_INFORMATION_FORMAT = "dwarf-with-dsym";
				ENABLE_NS_ASSERTIONS = NO;
				ENABLE_STRICT_OBJC_MSGSEND = YES;
				GCC_C_LANGUAGE_STANDARD = gnu99;
				GCC_NO_COMMON_BLOCKS = YES;
				GCC_WARN_64_TO_32_BIT_CONVERSION = YES;
				GCC_WARN_ABOUT_RETURN_TYPE = YES_ERROR;
				GCC_WARN_UNDECLARED_SELECTOR = YES;
				GCC_WARN_UNINITIALIZED_AUTOS = YES_AGGRESSIVE;
				GCC_WARN_UNUSED_FUNCTION = YES;
				GCC_WARN_UNUSED_VARIABLE = YES;
				IPHONEOS_DEPLOYMENT_TARGET = 10.3;
				MTL_ENABLE_DEBUG_INFO = NO;
				SDKROOT = iphoneos;
				TARGETED_DEVICE_FAMILY = "1,2";
				VALIDATE_PRODUCT = YES;
			};
			name = Release;
		};
		B01394E11F5CF07A00C4958C /* Debug */ = {
			isa = XCBuildConfiguration;
			buildSettings = {
				ASSETCATALOG_COMPILER_APPICON_NAME = AppIcon;
				"CODE_SIGN_IDENTITY[sdk=iphoneos*]" = "iPhone Developer";
				DEVELOPMENT_TEAM = "";
				INFOPLIST_FILE = JSWebView/Info.plist;
				IPHONEOS_DEPLOYMENT_TARGET = 8.0;
				LD_RUNPATH_SEARCH_PATHS = "$(inherited) @executable_path/Frameworks";
				PRODUCT_BUNDLE_IDENTIFIER = com.JoshSone.JSWebView;
				PRODUCT_NAME = "$(TARGET_NAME)";
				PROVISIONING_PROFILE_SPECIFIER = "";
			};
			name = Debug;
		};
		B01394E21F5CF07A00C4958C /* Release */ = {
			isa = XCBuildConfiguration;
			buildSettings = {
				ASSETCATALOG_COMPILER_APPICON_NAME = AppIcon;
				"CODE_SIGN_IDENTITY[sdk=iphoneos*]" = "iPhone Developer";
				DEVELOPMENT_TEAM = "";
				INFOPLIST_FILE = JSWebView/Info.plist;
				IPHONEOS_DEPLOYMENT_TARGET = 8.0;
				LD_RUNPATH_SEARCH_PATHS = "$(inherited) @executable_path/Frameworks";
				PRODUCT_BUNDLE_IDENTIFIER = com.JoshSone.JSWebView;
				PRODUCT_NAME = "$(TARGET_NAME)";
				PROVISIONING_PROFILE_SPECIFIER = "";
			};
			name = Release;
		};
/* End XCBuildConfiguration section */

/* Begin XCConfigurationList section */
		B01394C41F5CF07A00C4958C /* Build configuration list for PBXProject "JSWebView" */ = {
			isa = XCConfigurationList;
			buildConfigurations = (
				B01394DE1F5CF07A00C4958C /* Debug */,
				B01394DF1F5CF07A00C4958C /* Release */,
			);
			defaultConfigurationIsVisible = 0;
			defaultConfigurationName = Release;
		};
		B01394E01F5CF07A00C4958C /* Build configuration list for PBXNativeTarget "JSWebView" */ = {
			isa = XCConfigurationList;
			buildConfigurations = (
				B01394E11F5CF07A00C4958C /* Debug */,
				B01394E21F5CF07A00C4958C /* Release */,
			);
			defaultConfigurationIsVisible = 0;
			defaultConfigurationName = Release;
		};
/* End XCConfigurationList section */
	};
	rootObject = B01394C11F5CF07A00C4958C /* Project object */;
}
